
Microsoft Visual Studio Solution File, Format Version 12.00
# Visual Studio 15
VisualStudioVersion = 15.0.27428.2037
MinimumVisualStudioVersion = 10.0.40219.1
Project("{FAE04EC0-301F-11D3-BF4B-00C04F79EFBC}") = "UserInterfaceUWP", "UserInterfaceUWP\UserInterfaceUWP.csproj", "{9ABC2AAC-D111-46D4-B252-78B2898D91B7}"
EndProject
Project("{FAE04EC0-301F-11D3-BF4B-00C04F79EFBC}") = "UnitTestProject", "UnitTestProject\UnitTestProject.csproj", "{E5356FD8-DCD2-4C6A-AF01-42D4A8105D29}"
EndProject
Project("{FAE04EC0-301F-11D3-BF4B-00C04F79EFBC}") = "Domain", "Domain\Domain.csproj", "{88912057-662F-4591-A01C-690C8F47720F}"
EndProject
Global
	GlobalSection(SolutionConfigurationPlatforms) = preSolution
		Debug|Any CPU = Debug|Any CPU
		Debug|ARM = Debug|ARM
		Debug|x64 = Debug|x64
		Debug|x86 = Debug|x86
		Release|Any CPU = Release|Any CPU
		Release|ARM = Release|ARM
		Release|x64 = Release|x64
		Release|x86 = Release|x86
	EndGlobalSection
	GlobalSection(ProjectConfigurationPlatforms) = postSolution
		{9ABC2AAC-D111-46D4-B252-78B2898D91B7}.Debug|Any CPU.ActiveCfg = Debug|x86
		{9ABC2AAC-D111-46D4-B252-78B2898D91B7}.Debug|ARM.ActiveCfg = Debug|ARM
		{9ABC2AAC-D111-46D4-B252-78B2898D91B7}.Debug|ARM.Build.0 = Debug|ARM
		{9ABC2AAC-D111-46D4-B252-78B2898D91B7}.Debug|ARM.Deploy.0 = Debug|ARM
		{9ABC2AAC-D111-46D4-B252-78B2898D91B7}.Debug|x64.ActiveCfg = Debug|x64
		{9ABC2AAC-D111-46D4-B252-78B2898D91B7}.Debug|x64.Build.0 = Debug|x64
		{9ABC2AAC-D111-46D4-B252-78B2898D91B7}.Debug|x64.Deploy.0 = Debug|x64
		{9ABC2AAC-D111-46D4-B252-78B2898D91B7}.Debug|x86.ActiveCfg = Debug|x86
		{9ABC2AAC-D111-46D4-B252-78B2898D91B7}.Debug|x86.Build.0 = Debug|x86
		{9ABC2AAC-D111-46D4-B252-78B2898D91B7}.Debug|x86.Deploy.0 = Debug|x86
		{9ABC2AAC-D111-46D4-B252-78B2898D91B7}.Release|Any CPU.ActiveCfg = Release|x86
		{9ABC2AAC-D111-46D4-B252-78B2898D91B7}.Release|ARM.ActiveCfg = Release|ARM
		{9ABC2AAC-D111-46D4-B252-78B2898D91B7}.Release|ARM.Build.0 = Release|ARM
		{9ABC2AAC-D111-46D4-B252-78B2898D91B7}.Release|ARM.Deploy.0 = Release|ARM
		{9ABC2AAC-D111-46D4-B252-78B2898D91B7}.Release|x64.ActiveCfg = Release|x64
		{9ABC2AAC-D111-46D4-B252-78B2898D91B7}.Release|x64.Build.0 = Release|x64
		{9ABC2AAC-D111-46D4-B252-78B2898D91B7}.Release|x64.Deploy.0 = Release|x64
		{9ABC2AAC-D111-46D4-B252-78B2898D91B7}.Release|x86.ActiveCfg = Release|x86
		{9ABC2AAC-D111-46D4-B252-78B2898D91B7}.Release|x86.Build.0 = Release|x86
		{9ABC2AAC-D111-46D4-B252-78B2898D91B7}.Release|x86.Deploy.0 = Release|x86
		{E5356FD8-DCD2-4C6A-AF01-42D4A8105D29}.Debug|Any CPU.ActiveCfg = Debug|Any CPU
		{E5356FD8-DCD2-4C6A-AF01-42D4A8105D29}.Debug|Any CPU.Build.0 = Debug|Any CPU
		{E5356FD8-DCD2-4C6A-AF01-42D4A8105D29}.Debug|ARM.ActiveCfg = Debug|Any CPU
		{E5356FD8-DCD2-4C6A-AF01-42D4A8105D29}.Debug|ARM.Build.0 = Debug|Any CPU
		{E5356FD8-DCD2-4C6A-AF01-42D4A8105D29}.Debug|x64.ActiveCfg = Debug|Any CPU
		{E5356FD8-DCD2-4C6A-AF01-42D4A8105D29}.Debug|x64.Build.0 = Debug|Any CPU
		{E5356FD8-DCD2-4C6A-AF01-42D4A8105D29}.Debug|x86.ActiveCfg = Debug|Any CPU
		{E5356FD8-DCD2-4C6A-AF01-42D4A8105D29}.Debug|x86.Build.0 = Debug|Any CPU
		{E5356FD8-DCD2-4C6A-AF01-42D4A8105D29}.Release|Any CPU.ActiveCfg = Release|Any CPU
		{E5356FD8-DCD2-4C6A-AF01-42D4A8105D29}.Release|Any CPU.Build.0 = Release|Any CPU
		{E5356FD8-DCD2-4C6A-AF01-42D4A8105D29}.Release|ARM.ActiveCfg = Release|Any CPU
		{E5356FD8-DCD2-4C6A-AF01-42D4A8105D29}.Release|ARM.Build.0 = Release|Any CPU
		{E5356FD8-DCD2-4C6A-AF01-42D4A8105D29}.Release|x64.ActiveCfg = Release|Any CPU
		{E5356FD8-DCD2-4C6A-AF01-42D4A8105D29}.Release|x64.Build.0 = Release|Any CPU
		{E5356FD8-DCD2-4C6A-AF01-42D4A8105D29}.Release|x86.ActiveCfg = Release|Any CPU
		{E5356FD8-DCD2-4C6A-AF01-42D4A8105D29}.Release|x86.Build.0 = Release|Any CPU
		{88912057-662F-4591-A01C-690C8F47720F}.Debug|Any CPU.ActiveCfg = Debug|Any CPU
		{88912057-662F-4591-A01C-690C8F47720F}.Debug|Any CPU.Build.0 = Debug|Any CPU
		{88912057-662F-4591-A01C-690C8F47720F}.Debug|ARM.ActiveCfg = Debug|Any CPU
		{88912057-662F-4591-A01C-690C8F47720F}.Debug|ARM.Build.0 = Debug|Any CPU
		{88912057-662F-4591-A01C-690C8F47720F}.Debug|x64.ActiveCfg = Debug|Any CPU
		{88912057-662F-4591-A01C-690C8F47720F}.Debug|x64.Build.0 = Debug|Any CPU
		{88912057-662F-4591-A01C-690C8F47720F}.Debug|x86.ActiveCfg = Debug|Any CPU
		{88912057-662F-4591-A01C-690C8F47720F}.Debug|x86.Build.0 = Debug|Any CPU
		{88912057-662F-4591-A01C-690C8F47720F}.Release|Any CPU.ActiveCfg = Release|Any CPU
		{88912057-662F-4591-A01C-690C8F47720F}.Release|Any CPU.Build.0 = Release|Any CPU
		{88912057-662F-4591-A01C-690C8F47720F}.Release|ARM.ActiveCfg = Release|Any CPU
		{88912057-662F-4591-A01C-690C8F47720F}.Release|ARM.Build.0 = Release|Any CPU
		{88912057-662F-4591-A01C-690C8F47720F}.Release|x64.ActiveCfg = Release|Any CPU
		{88912057-662F-4591-A01C-690C8F47720F}.Release|x64.Build.0 = Release|Any CPU
		{88912057-662F-4591-A01C-690C8F47720F}.Release|x86.ActiveCfg = Release|Any CPU
		{88912057-662F-4591-A01C-690C8F47720F}.Release|x86.Build.0 = Release|Any CPU
	EndGlobalSection
	GlobalSection(SolutionProperties) = preSolution
		HideSolutionNode = FALSE
	EndGlobalSection
	GlobalSection(ExtensibilityGlobals) = postSolution
		SolutionGuid = {5B754CF2-F1B9-4FB2-8863-A680ADCC1CD2}
	EndGlobalSection
EndGlobal
